
Microsoft Visual Studio Solution File, Format Version 12.00
# Visual Studio Version 17
VisualStudioVersion = 17.10.35013.160
MinimumVisualStudioVersion = 10.0.40219.1
Project("{FAE04EC0-301F-11D3-BF4B-00C04F79EFBC}") = "Experior.Catalog.ElevatorMotor", "Experior.Catalog.ElevatorMotor\Experior.Catalog.ElevatorMotor.csproj", "{994E72CF-B8B8-4C04-9B9E-457221684E18}"
EndProject
Global
	GlobalSection(SolutionConfigurationPlatforms) = preSolution
		Debug|x64 = Debug|x64
		Release|x64 = Release|x64
	EndGlobalSection
	GlobalSection(ProjectConfigurationPlatforms) = postSolution
		{994E72CF-B8B8-4C04-9B9E-457221684E18}.Debug|x64.ActiveCfg = Debug|x64
		{994E72CF-B8B8-4C04-9B9E-457221684E18}.Debug|x64.Build.0 = Debug|x64
		{994E72CF-B8B8-4C04-9B9E-457221684E18}.Release|x64.ActiveCfg = Release|x64
		{994E72CF-B8B8-4C04-9B9E-457221684E18}.Release|x64.Build.0 = Release|x64
	EndGlobalSection
	GlobalSection(SolutionProperties) = preSolution
		HideSolutionNode = FALSE
	EndGlobalSection
	GlobalSection(ExtensibilityGlobals) = postSolution
		SolutionGuid = {22503BC0-3B9D-460A-8514-78A9C4588B0B}
	EndGlobalSection
EndGlobal
